
Microsoft Visual Studio Solution File, Format Version 12.00
# Visual Studio Version 17
VisualStudioVersion = 17.0.32014.148
MinimumVisualStudioVersion = 10.0.40219.1
Project("{9A19103F-16F7-4668-BE54-9A1E7A4F7556}") = "EmployeeAttendance.Web", "EmployeeAttendance.Web\EmployeeAttendance.Web.csproj", "{3DEFC31C-B664-4FDB-9C5A-10B294B088AB}"
EndProject
Project("{9A19103F-16F7-4668-BE54-9A1E7A4F7556}") = "EmployeeAttendance.Infrastructure", "EmployeeAttendance.Infrastructure\EmployeeAttendance.Infrastructure.csproj", "{189F60BD-DFB3-44F7-A4D7-34F9411A991E}"
EndProject
Project("{FAE04EC0-301F-11D3-BF4B-00C04F79EFBC}") = "EmployeeAttendance.WebForm", "EmployeeAttendance.WebForm\EmployeeAttendance.WebForm.csproj", "{024114C4-7D32-44A3-B199-3EFF7AF20490}"
EndProject
Global
	GlobalSection(SolutionConfigurationPlatforms) = preSolution
		Debug|Any CPU = Debug|Any CPU
		Release|Any CPU = Release|Any CPU
	EndGlobalSection
	GlobalSection(ProjectConfigurationPlatforms) = postSolution
		{3DEFC31C-B664-4FDB-9C5A-10B294B088AB}.Debug|Any CPU.ActiveCfg = Debug|Any CPU
		{3DEFC31C-B664-4FDB-9C5A-10B294B088AB}.Debug|Any CPU.Build.0 = Debug|Any CPU
		{3DEFC31C-B664-4FDB-9C5A-10B294B088AB}.Release|Any CPU.ActiveCfg = Release|Any CPU
		{3DEFC31C-B664-4FDB-9C5A-10B294B088AB}.Release|Any CPU.Build.0 = Release|Any CPU
		{189F60BD-DFB3-44F7-A4D7-34F9411A991E}.Debug|Any CPU.ActiveCfg = Debug|Any CPU
		{189F60BD-DFB3-44F7-A4D7-34F9411A991E}.Debug|Any CPU.Build.0 = Debug|Any CPU
		{189F60BD-DFB3-44F7-A4D7-34F9411A991E}.Release|Any CPU.ActiveCfg = Release|Any CPU
		{189F60BD-DFB3-44F7-A4D7-34F9411A991E}.Release|Any CPU.Build.0 = Release|Any CPU
		{024114C4-7D32-44A3-B199-3EFF7AF20490}.Debug|Any CPU.ActiveCfg = Debug|Any CPU
		{024114C4-7D32-44A3-B199-3EFF7AF20490}.Debug|Any CPU.Build.0 = Debug|Any CPU
		{024114C4-7D32-44A3-B199-3EFF7AF20490}.Release|Any CPU.ActiveCfg = Release|Any CPU
		{024114C4-7D32-44A3-B199-3EFF7AF20490}.Release|Any CPU.Build.0 = Release|Any CPU
	EndGlobalSection
	GlobalSection(SolutionProperties) = preSolution
		HideSolutionNode = FALSE
	EndGlobalSection
	GlobalSection(ExtensibilityGlobals) = postSolution
		SolutionGuid = {B80A64C8-4342-4CB1-8BE1-CC355A2952A9}
	EndGlobalSection
EndGlobal
