
Microsoft Visual Studio Solution File, Format Version 12.00
# Visual Studio 15
VisualStudioVersion = 15.0.28307.2092
MinimumVisualStudioVersion = 10.0.40219.1
Project("{FAE04EC0-301F-11D3-BF4B-00C04F79EFBC}") = "HRISWebApplication", "HRISWebApplication\HRISWebApplication.csproj", "{3BD8B36E-9092-4C0C-B672-CBE41CFCAB55}"
EndProject
Global
	GlobalSection(SolutionConfigurationPlatforms) = preSolution
		Debug|Any CPU = Debug|Any CPU
		Release|Any CPU = Release|Any CPU
	EndGlobalSection
	GlobalSection(ProjectConfigurationPlatforms) = postSolution
		{3BD8B36E-9092-4C0C-B672-CBE41CFCAB55}.Debug|Any CPU.ActiveCfg = Debug|Any CPU
		{3BD8B36E-9092-4C0C-B672-CBE41CFCAB55}.Debug|Any CPU.Build.0 = Debug|Any CPU
		{3BD8B36E-9092-4C0C-B672-CBE41CFCAB55}.Release|Any CPU.ActiveCfg = Release|Any CPU
		{3BD8B36E-9092-4C0C-B672-CBE41CFCAB55}.Release|Any CPU.Build.0 = Release|Any CPU
	EndGlobalSection
	GlobalSection(SolutionProperties) = preSolution
		HideSolutionNode = FALSE
	EndGlobalSection
	GlobalSection(ExtensibilityGlobals) = postSolution
		SolutionGuid = {DA90990D-681D-4F37-946B-3E4370F478EB}
	EndGlobalSection
EndGlobal
